
Microsoft Visual Studio Solution File, Format Version 12.00
# Visual Studio Version 17
VisualStudioVersion = 17.9.34607.119
MinimumVisualStudioVersion = 10.0.40219.1
Project("{FAE04EC0-301F-11D3-BF4B-00C04F79EFBC}") = "Figuras geometricas", "Figuras geometricas\Figuras geometricas.csproj", "{38CF23A9-C7B6-4864-A5C0-9A5AF9C50702}"
EndProject
Global
	GlobalSection(SolutionConfigurationPlatforms) = preSolution
		Debug|Any CPU = Debug|Any CPU
		Release|Any CPU = Release|Any CPU
	EndGlobalSection
	GlobalSection(ProjectConfigurationPlatforms) = postSolution
		{38CF23A9-C7B6-4864-A5C0-9A5AF9C50702}.Debug|Any CPU.ActiveCfg = Debug|Any CPU
		{38CF23A9-C7B6-4864-A5C0-9A5AF9C50702}.Debug|Any CPU.Build.0 = Debug|Any CPU
		{38CF23A9-C7B6-4864-A5C0-9A5AF9C50702}.Release|Any CPU.ActiveCfg = Release|Any CPU
		{38CF23A9-C7B6-4864-A5C0-9A5AF9C50702}.Release|Any CPU.Build.0 = Release|Any CPU
	EndGlobalSection
	GlobalSection(SolutionProperties) = preSolution
		HideSolutionNode = FALSE
	EndGlobalSection
	GlobalSection(ExtensibilityGlobals) = postSolution
		SolutionGuid = {4B094610-F63D-40CA-BA75-824DDA0B5206}
	EndGlobalSection
EndGlobal
